
Microsoft Visual Studio Solution File, Format Version 12.00
# Visual Studio Version 16
VisualStudioVersion = 16.0.30204.135
MinimumVisualStudioVersion = 10.0.40219.1
Project("{8BC9CEB8-8B4A-11D0-8D11-00A0C91BC942}") = "Project1", "Project1\Project1.vcxproj", "{872C5252-48DA-4B3C-9784-883ABED1953C}"
EndProject
Project("{8BC9CEB8-8B4A-11D0-8D11-00A0C91BC942}") = "Project2", "Project2\Project2.vcxproj", "{7CC1959F-8058-4FB8-B3CD-8F89F4A2FB97}"
EndProject
Project("{8BC9CEB8-8B4A-11D0-8D11-00A0C91BC942}") = "Project3", "Project3\Project3.vcxproj", "{F76D3B7D-EF88-4FBF-8490-CDC6CDD29784}"
EndProject
Project("{8BC9CEB8-8B4A-11D0-8D11-00A0C91BC942}") = "stack_setting", "stack_setting\stack_setting.vcxproj", "{1CCD3487-9CF8-43FE-A820-06FAC588138D}"
EndProject
Project("{8BC9CEB8-8B4A-11D0-8D11-00A0C91BC942}") = "queue_setting", "queue_setting\queue_setting.vcxproj", "{A3A01CB3-2469-43C9-839B-8A760CB026F9}"
EndProject
Global
	GlobalSection(SolutionConfigurationPlatforms) = preSolution
		Debug|x64 = Debug|x64
		Debug|x86 = Debug|x86
		Release|x64 = Release|x64
		Release|x86 = Release|x86
	EndGlobalSection
	GlobalSection(ProjectConfigurationPlatforms) = postSolution
		{872C5252-48DA-4B3C-9784-883ABED1953C}.Debug|x64.ActiveCfg = Debug|x64
		{872C5252-48DA-4B3C-9784-883ABED1953C}.Debug|x64.Build.0 = Debug|x64
		{872C5252-48DA-4B3C-9784-883ABED1953C}.Debug|x86.ActiveCfg = Debug|Win32
		{872C5252-48DA-4B3C-9784-883ABED1953C}.Debug|x86.Build.0 = Debug|Win32
		{872C5252-48DA-4B3C-9784-883ABED1953C}.Release|x64.ActiveCfg = Release|x64
		{872C5252-48DA-4B3C-9784-883ABED1953C}.Release|x64.Build.0 = Release|x64
		{872C5252-48DA-4B3C-9784-883ABED1953C}.Release|x86.ActiveCfg = Release|Win32
		{872C5252-48DA-4B3C-9784-883ABED1953C}.Release|x86.Build.0 = Release|Win32
		{7CC1959F-8058-4FB8-B3CD-8F89F4A2FB97}.Debug|x64.ActiveCfg = Debug|x64
		{7CC1959F-8058-4FB8-B3CD-8F89F4A2FB97}.Debug|x64.Build.0 = Debug|x64
		{7CC1959F-8058-4FB8-B3CD-8F89F4A2FB97}.Debug|x86.ActiveCfg = Debug|Win32
		{7CC1959F-8058-4FB8-B3CD-8F89F4A2FB97}.Debug|x86.Build.0 = Debug|Win32
		{7CC1959F-8058-4FB8-B3CD-8F89F4A2FB97}.Release|x64.ActiveCfg = Release|x64
		{7CC1959F-8058-4FB8-B3CD-8F89F4A2FB97}.Release|x64.Build.0 = Release|x64
		{7CC1959F-8058-4FB8-B3CD-8F89F4A2FB97}.Release|x86.ActiveCfg = Release|Win32
		{7CC1959F-8058-4FB8-B3CD-8F89F4A2FB97}.Release|x86.Build.0 = Release|Win32
		{F76D3B7D-EF88-4FBF-8490-CDC6CDD29784}.Debug|x64.ActiveCfg = Debug|x64
		{F76D3B7D-EF88-4FBF-8490-CDC6CDD29784}.Debug|x64.Build.0 = Debug|x64
		{F76D3B7D-EF88-4FBF-8490-CDC6CDD29784}.Debug|x86.ActiveCfg = Debug|Win32
		{F76D3B7D-EF88-4FBF-8490-CDC6CDD29784}.Debug|x86.Build.0 = Debug|Win32
		{F76D3B7D-EF88-4FBF-8490-CDC6CDD29784}.Release|x64.ActiveCfg = Release|x64
		{F76D3B7D-EF88-4FBF-8490-CDC6CDD29784}.Release|x64.Build.0 = Release|x64
		{F76D3B7D-EF88-4FBF-8490-CDC6CDD29784}.Release|x86.ActiveCfg = Release|Win32
		{F76D3B7D-EF88-4FBF-8490-CDC6CDD29784}.Release|x86.Build.0 = Release|Win32
		{1CCD3487-9CF8-43FE-A820-06FAC588138D}.Debug|x64.ActiveCfg = Debug|x64
		{1CCD3487-9CF8-43FE-A820-06FAC588138D}.Debug|x64.Build.0 = Debug|x64
		{1CCD3487-9CF8-43FE-A820-06FAC588138D}.Debug|x86.ActiveCfg = Debug|Win32
		{1CCD3487-9CF8-43FE-A820-06FAC588138D}.Debug|x86.Build.0 = Debug|Win32
		{1CCD3487-9CF8-43FE-A820-06FAC588138D}.Release|x64.ActiveCfg = Release|x64
		{1CCD3487-9CF8-43FE-A820-06FAC588138D}.Release|x64.Build.0 = Release|x64
		{1CCD3487-9CF8-43FE-A820-06FAC588138D}.Release|x86.ActiveCfg = Release|Win32
		{1CCD3487-9CF8-43FE-A820-06FAC588138D}.Release|x86.Build.0 = Release|Win32
		{A3A01CB3-2469-43C9-839B-8A760CB026F9}.Debug|x64.ActiveCfg = Debug|x64
		{A3A01CB3-2469-43C9-839B-8A760CB026F9}.Debug|x64.Build.0 = Debug|x64
		{A3A01CB3-2469-43C9-839B-8A760CB026F9}.Debug|x86.ActiveCfg = Debug|Win32
		{A3A01CB3-2469-43C9-839B-8A760CB026F9}.Debug|x86.Build.0 = Debug|Win32
		{A3A01CB3-2469-43C9-839B-8A760CB026F9}.Release|x64.ActiveCfg = Release|x64
		{A3A01CB3-2469-43C9-839B-8A760CB026F9}.Release|x64.Build.0 = Release|x64
		{A3A01CB3-2469-43C9-839B-8A760CB026F9}.Release|x86.ActiveCfg = Release|Win32
		{A3A01CB3-2469-43C9-839B-8A760CB026F9}.Release|x86.Build.0 = Release|Win32
	EndGlobalSection
	GlobalSection(SolutionProperties) = preSolution
		HideSolutionNode = FALSE
	EndGlobalSection
	GlobalSection(ExtensibilityGlobals) = postSolution
		SolutionGuid = {B14C9EDE-7D24-40CF-99FF-CAA08B161995}
	EndGlobalSection
EndGlobal
